
Microsoft Visual Studio Solution File, Format Version 12.00
# Visual Studio Version 17
VisualStudioVersion = 17.7.34018.315
MinimumVisualStudioVersion = 10.0.40219.1
Project("{FAE04EC0-301F-11D3-BF4B-00C04F79EFBC}") = "FormQuanLy", "FormQuanLy\FormQuanLy.csproj", "{BFCA6215-4CC4-42BB-B6B8-FCB078ECB03E}"
EndProject
Global
	GlobalSection(SolutionConfigurationPlatforms) = preSolution
		Debug|Any CPU = Debug|Any CPU
		Release|Any CPU = Release|Any CPU
	EndGlobalSection
	GlobalSection(ProjectConfigurationPlatforms) = postSolution
		{BFCA6215-4CC4-42BB-B6B8-FCB078ECB03E}.Debug|Any CPU.ActiveCfg = Debug|Any CPU
		{BFCA6215-4CC4-42BB-B6B8-FCB078ECB03E}.Debug|Any CPU.Build.0 = Debug|Any CPU
		{BFCA6215-4CC4-42BB-B6B8-FCB078ECB03E}.Release|Any CPU.ActiveCfg = Release|Any CPU
		{BFCA6215-4CC4-42BB-B6B8-FCB078ECB03E}.Release|Any CPU.Build.0 = Release|Any CPU
	EndGlobalSection
	GlobalSection(SolutionProperties) = preSolution
		HideSolutionNode = FALSE
	EndGlobalSection
	GlobalSection(ExtensibilityGlobals) = postSolution
		SolutionGuid = {94E3CC16-BE3C-4A80-BAF3-D7ED3A21F630}
	EndGlobalSection
EndGlobal
